// !$*UTF8*$!
{
	archiveVersion = 1;
	classes = {
	};
	objectVersion = 46;
	objects = {

/* Begin PBXBuildFile section */
		484D759E1ECCFFE300EB1243 /* AppDelegate.swift in Sources */ = {isa = PBXBuildFile; fileRef = 484D759D1ECCFFE300EB1243 /* AppDelegate.swift */; };
		484D75A01ECCFFE300EB1243 /* TasksViewController.swift in Sources */ = {isa = PBXBuildFile; fileRef = 484D759F1ECCFFE300EB1243 /* TasksViewController.swift */; };
		484D75A31ECCFFE300EB1243 /* Main.storyboard in Resources */ = {isa = PBXBuildFile; fileRef = 484D75A11ECCFFE300EB1243 /* Main.storyboard */; };
		484D75A61ECCFFE300EB1243 /* DoIt.xcdatamodeld in Sources */ = {isa = PBXBuildFile; fileRef = 484D75A41ECCFFE300EB1243 /* DoIt.xcdatamodeld */; };
		484D75A81ECCFFE300EB1243 /* Assets.xcassets in Resources */ = {isa = PBXBuildFile; fileRef = 484D75A71ECCFFE300EB1243 /* Assets.xcassets */; };
		484D75AB1ECCFFE300EB1243 /* LaunchScreen.storyboard in Resources */ = {isa = PBXBuildFile; fileRef = 484D75A91ECCFFE300EB1243 /* LaunchScreen.storyboard */; };
		484D75B31ECD037400EB1243 /* Task.swift in Sources */ = {isa = PBXBuildFile; fileRef = 484D75B21ECD037400EB1243 /* Task.swift */; };
		484D75B51ECD089C00EB1243 /* CreateTaskViewController.swift in Sources */ = {isa = PBXBuildFile; fileRef = 484D75B41ECD089C00EB1243 /* CreateTaskViewController.swift */; };
		484D75B71ECD4A7100EB1243 /* CompleteTaskViewController.swift in Sources */ = {isa = PBXBuildFile; fileRef = 484D75B61ECD4A7100EB1243 /* CompleteTaskViewController.swift */; };
/* End PBXBuildFile section */

/* Begin PBXFileReference section */
		484D759A1ECCFFE300EB1243 /* DoIt.app */ = {isa = PBXFileReference; explicitFileType = wrapper.application; includeInIndex = 0; path = DoIt.app; sourceTree = BUILT_PRODUCTS_DIR; };
		484D759D1ECCFFE300EB1243 /* AppDelegate.swift */ = {isa = PBXFileReference; lastKnownFileType = sourcecode.swift; path = AppDelegate.swift; sourceTree = "<group>"; };
		484D759F1ECCFFE300EB1243 /* TasksViewController.swift */ = {isa = PBXFileReference; lastKnownFileType = sourcecode.swift; path = TasksViewController.swift; sourceTree = "<group>"; };
		484D75A21ECCFFE300EB1243 /* Base */ = {isa = PBXFileReference; lastKnownFileType = file.storyboard; name = Base; path = Base.lproj/Main.storyboard; sourceTree = "<group>"; };
		484D75A51ECCFFE300EB1243 /* DoIt.xcdatamodel */ = {isa = PBXFileReference; lastKnownFileType = wrapper.xcdatamodel; path = DoIt.xcdatamodel; sourceTree = "<group>"; };
		484D75A71ECCFFE300EB1243 /* Assets.xcassets */ = {isa = PBXFileReference; lastKnownFileType = folder.assetcatalog; path = Assets.xcassets; sourceTree = "<group>"; };
		484D75AA1ECCFFE300EB1243 /* Base */ = {isa = PBXFileReference; lastKnownFileType = file.storyboard; name = Base; path = Base.lproj/LaunchScreen.storyboard; sourceTree = "<group>"; };
		484D75AC1ECCFFE300EB1243 /* Info.plist */ = {isa = PBXFileReference; lastKnownFileType = text.plist.xml; path = Info.plist; sourceTree = "<group>"; };
		484D75B21ECD037400EB1243 /* Task.swift */ = {isa = PBXFileReference; fileEncoding = 4; lastKnownFileType = sourcecode.swift; path = Task.swift; sourceTree = "<group>"; };
		484D75B41ECD089C00EB1243 /* CreateTaskViewController.swift */ = {isa = PBXFileReference; fileEncoding = 4; lastKnownFileType = sourcecode.swift; path = CreateTaskViewController.swift; sourceTree = "<group>"; };
		484D75B61ECD4A7100EB1243 /* CompleteTaskViewController.swift */ = {isa = PBXFileReference; fileEncoding = 4; lastKnownFileType = sourcecode.swift; path = CompleteTaskViewController.swift; sourceTree = "<group>"; };
/* End PBXFileReference section */

/* Begin PBXFrameworksBuildPhase section */
		484D75971ECCFFE300EB1243 /* Frameworks */ = {
			isa = PBXFrameworksBuildPhase;
			buildActionMask = 2147483647;
			files = (
			);
			runOnlyForDeploymentPostprocessing = 0;
		};
/* End PBXFrameworksBuildPhase section */

/* Begin PBXGroup section */
		484D75911ECCFFE300EB1243 = {
			isa = PBXGroup;
			children = (
				484D759C1ECCFFE300EB1243 /* DoIt */,
				484D759B1ECCFFE300EB1243 /* Products */,
			);
			sourceTree = "<group>";
		};
		484D759B1ECCFFE300EB1243 /* Products */ = {
			isa = PBXGroup;
			children = (
				484D759A1ECCFFE300EB1243 /* DoIt.app */,
			);
			name = Products;
			sourceTree = "<group>";
		};
		484D759C1ECCFFE300EB1243 /* DoIt */ = {
			isa = PBXGroup;
			children = (
				484D759D1ECCFFE300EB1243 /* AppDelegate.swift */,
				484D759F1ECCFFE300EB1243 /* TasksViewController.swift */,
				484D75B41ECD089C00EB1243 /* CreateTaskViewController.swift */,
				484D75B61ECD4A7100EB1243 /* CompleteTaskViewController.swift */,
				484D75B21ECD037400EB1243 /* Task.swift */,
				484D75A11ECCFFE300EB1243 /* Main.storyboard */,
				484D75A71ECCFFE300EB1243 /* Assets.xcassets */,
				484D75A91ECCFFE300EB1243 /* LaunchScreen.storyboard */,
				484D75AC1ECCFFE300EB1243 /* Info.plist */,
				484D75A41ECCFFE300EB1243 /* DoIt.xcdatamodeld */,
			);
			path = DoIt;
			sourceTree = "<group>";
		};
/* End PBXGroup section */

/* Begin PBXNativeTarget section */
		484D75991ECCFFE300EB1243 /* DoIt */ = {
			isa = PBXNativeTarget;
			buildConfigurationList = 484D75AF1ECCFFE300EB1243 /* Build configuration list for PBXNativeTarget "DoIt" */;
			buildPhases = (
				484D75961ECCFFE300EB1243 /* Sources */,
				484D75971ECCFFE300EB1243 /* Frameworks */,
				484D75981ECCFFE300EB1243 /* Resources */,
			);
			buildRules = (
			);
			dependencies = (
			);
			name = DoIt;
			productName = DoIt;
			productReference = 484D759A1ECCFFE300EB1243 /* DoIt.app */;
			productType = "com.apple.product-type.application";
		};
/* End PBXNativeTarget section */

/* Begin PBXProject section */
		484D75921ECCFFE300EB1243 /* Project object */ = {
			isa = PBXProject;
			attributes = {
				LastSwiftUpdateCheck = 0820;
				LastUpgradeCheck = 0820;
				ORGANIZATIONNAME = "Justin W Siddons";
				TargetAttributes = {
					484D75991ECCFFE300EB1243 = {
						CreatedOnToolsVersion = 8.2.1;
						ProvisioningStyle = Automatic;
					};
				};
			};
			buildConfigurationList = 484D75951ECCFFE300EB1243 /* Build configuration list for PBXProject "DoIt" */;
			compatibilityVersion = "Xcode 3.2";
			developmentRegion = English;
			hasScannedForEncodings = 0;
			knownRegions = (
				en,
				Base,
			);
			mainGroup = 484D75911ECCFFE300EB1243;
			productRefGroup = 484D759B1ECCFFE300EB1243 /* Products */;
			projectDirPath = "";
			projectRoot = "";
			targets = (
				484D75991ECCFFE300EB1243 /* DoIt */,
			);
		};
/* End PBXProject section */

/* Begin PBXResourcesBuildPhase section */
		484D75981ECCFFE300EB1243 /* Resources */ = {
			isa = PBXResourcesBuildPhase;
			buildActionMask = 2147483647;
			files = (
				484D75AB1ECCFFE300EB1243 /* LaunchScreen.storyboard in Resources */,
				484D75A81ECCFFE300EB1243 /* Assets.xcassets in Resources */,
				484D75A31ECCFFE300EB1243 /* Main.storyboard in Resources */,
			);
			runOnlyForDeploymentPostprocessing = 0;
		};
/* End PBXResourcesBuildPhase section */

/* Begin PBXSourcesBuildPhase section */
		484D75961ECCFFE300EB1243 /* Sources */ = {
			isa = PBXSourcesBuildPhase;
			buildActionMask = 2147483647;
			files = (
				484D75B31ECD037400EB1243 /* Task.swift in Sources */,
				484D75A61ECCFFE300EB1243 /* DoIt.xcdatamodeld in Sources */,
				484D75B71ECD4A7100EB1243 /* CompleteTaskViewController.swift in Sources */,
				484D75A01ECCFFE300EB1243 /* TasksViewController.swift in Sources */,
				484D759E1ECCFFE300EB1243 /* AppDelegate.swift in Sources */,
				484D75B51ECD089C00EB1243 /* CreateTaskViewController.swift in Sources */,
			);
			runOnlyForDeploymentPostprocessing = 0;
		};
/* End PBXSourcesBuildPhase section */

/* Begin PBXVariantGroup section */
		484D75A11ECCFFE300EB1243 /* Main.storyboard */ = {
			isa = PBXVariantGroup;
			children = (
				484D75A21ECCFFE300EB1243 /* Base */,
			);
			name = Main.storyboard;
			sourceTree = "<group>";
		};
		484D75A91ECCFFE300EB1243 /* LaunchScreen.storyboard */ = {
			isa = PBXVariantGroup;
			children = (
				484D75AA1ECCFFE300EB1243 /* Base */,
			);
			name = LaunchScreen.storyboard;
			sourceTree = "<group>";
		};
/* End PBXVariantGroup section */

/* Begin XCBuildConfiguration section */
		484D75AD1ECCFFE300EB1243 /* Debug */ = {
			isa = XCBuildConfiguration;
			buildSettings = {
				ALWAYS_SEARCH_USER_PATHS = NO;
				CLANG_ANALYZER_NONNULL = YES;
				CLANG_CXX_LANGUAGE_STANDARD = "gnu++0x";
				CLANG_CXX_LIBRARY = "libc++";
				CLANG_ENABLE_MODULES = YES;
				CLANG_ENABLE_OBJC_ARC = YES;
				CLANG_WARN_BOOL_CONVERSION = YES;
				CLANG_WARN_CONSTANT_CONVERSION = YES;
				CLANG_WARN_DIRECT_OBJC_ISA_USAGE = YES_ERROR;
				CLANG_WARN_DOCUMENTATION_COMMENTS = YES;
				CLANG_WARN_EMPTY_BODY = YES;
				CLANG_WARN_ENUM_CONVERSION = YES;
				CLANG_WARN_INFINITE_RECURSION = YES;
				CLANG_WARN_INT_CONVERSION = YES;
				CLANG_WARN_OBJC_ROOT_CLASS = YES_ERROR;
				CLANG_WARN_SUSPICIOUS_MOVE = YES;
				CLANG_WARN_UNREACHABLE_CODE = YES;
				CLANG_WARN__DUPLICATE_METHOD_MATCH = YES;
				"CODE_SIGN_IDENTITY[sdk=iphoneos*]" = "iPhone Developer";
				COPY_PHASE_STRIP = NO;
				DEBUG_INFORMATION_FORMAT = dwarf;
				ENABLE_STRICT_OBJC_MSGSEND = YES;
				ENABLE_TESTABILITY = YES;
				GCC_C_LANGUAGE_STANDARD = gnu99;
				GCC_DYNAMIC_NO_PIC = NO;
				GCC_NO_COMMON_BLOCKS = YES;
				GCC_OPTIMIZATION_LEVEL = 0;
				GCC_PREPROCESSOR_DEFINITIONS = (
					"DEBUG=1",
					"$(inherited)",
				);
				GCC_WARN_64_TO_32_BIT_CONVERSION = YES;
				GCC_WARN_ABOUT_RETURN_TYPE = YES_ERROR;
				GCC_WARN_UNDECLARED_SELECTOR = YES;
				GCC_WARN_UNINITIALIZED_AUTOS = YES_AGGRESSIVE;
				GCC_WARN_UNUSED_FUNCTION = YES;
				GCC_WARN_UNUSED_VARIABLE = YES;
				IPHONEOS_DEPLOYMENT_TARGET = 10.2;
				MTL_ENABLE_DEBUG_INFO = YES;
				ONLY_ACTIVE_ARCH = YES;
				SDKROOT = iphoneos;
				SWIFT_ACTIVE_COMPILATION_CONDITIONS = DEBUG;
				SWIFT_OPTIMIZATION_LEVEL = "-Onone";
				TARGETED_DEVICE_FAMILY = "1,2";
			};
			name = Debug;
		};
		484D75AE1ECCFFE300EB1243 /* Release */ = {
			isa = XCBuildConfiguration;
			buildSettings = {
				ALWAYS_SEARCH_USER_PATHS = NO;
				CLANG_ANALYZER_NONNULL = YES;
				CLANG_CXX_LANGUAGE_STANDARD = "gnu++0x";
				CLANG_CXX_LIBRARY = "libc++";
				CLANG_ENABLE_MODULES = YES;
				CLANG_ENABLE_OBJC_ARC = YES;
				CLANG_WARN_BOOL_CONVERSION = YES;
				CLANG_WARN_CONSTANT_CONVERSION = YES;
				CLANG_WARN_DIRECT_OBJC_ISA_USAGE = YES_ERROR;
				CLANG_WARN_DOCUMENTATION_COMMENTS = YES;
				CLANG_WARN_EMPTY_BODY = YES;
				CLANG_WARN_ENUM_CONVERSION = YES;
				CLANG_WARN_INFINITE_RECURSION = YES;
				CLANG_WARN_INT_CONVERSION = YES;
				CLANG_WARN_OBJC_ROOT_CLASS = YES_ERROR;
				CLANG_WARN_SUSPICIOUS_MOVE = YES;
				CLANG_WARN_UNREACHABLE_CODE = YES;
				CLANG_WARN__DUPLICATE_METHOD_MATCH = YES;
				"CODE_SIGN_IDENTITY[sdk=iphoneos*]" = "iPhone Developer";
				COPY_PHASE_STRIP = NO;
				DEBUG_INFORMATION_FORMAT = "dwarf-with-dsym";
				ENABLE_NS_ASSERTIONS = NO;
				ENABLE_STRICT_OBJC_MSGSEND = YES;
				GCC_C_LANGUAGE_STANDARD = gnu99;
				GCC_NO_COMMON_BLOCKS = YES;
				GCC_WARN_64_TO_32_BIT_CONVERSION = YES;
				GCC_WARN_ABOUT_RETURN_TYPE = YES_ERROR;
				GCC_WARN_UNDECLARED_SELECTOR = YES;
				GCC_WARN_UNINITIALIZED_AUTOS = YES_AGGRESSIVE;
				GCC_WARN_UNUSED_FUNCTION = YES;
				GCC_WARN_UNUSED_VARIABLE = YES;
				IPHONEOS_DEPLOYMENT_TARGET = 10.2;
				MTL_ENABLE_DEBUG_INFO = NO;
				SDKROOT = iphoneos;
				SWIFT_OPTIMIZATION_LEVEL = "-Owholemodule";
				TARGETED_DEVICE_FAMILY = "1,2";
				VALIDATE_PRODUCT = YES;
			};
			name = Release;
		};
		484D75B01ECCFFE300EB1243 /* Debug */ = {
			isa = XCBuildConfiguration;
			buildSettings = {
				ASSETCATALOG_COMPILER_APPICON_NAME = AppIcon;
				INFOPLIST_FILE = DoIt/Info.plist;
				LD_RUNPATH_SEARCH_PATHS = "$(inherited) @executable_path/Frameworks";
				PRODUCT_BUNDLE_IDENTIFIER = com.justinsiddons.DoIt;
				PRODUCT_NAME = "$(TARGET_NAME)";
				SWIFT_VERSION = 3.0;
			};
			name = Debug;
		};
		484D75B11ECCFFE300EB1243 /* Release */ = {
			isa = XCBuildConfiguration;
			buildSettings = {
				ASSETCATALOG_COMPILER_APPICON_NAME = AppIcon;
				INFOPLIST_FILE = DoIt/Info.plist;
				LD_RUNPATH_SEARCH_PATHS = "$(inherited) @executable_path/Frameworks";
				PRODUCT_BUNDLE_IDENTIFIER = com.justinsiddons.DoIt;
				PRODUCT_NAME = "$(TARGET_NAME)";
				SWIFT_VERSION = 3.0;
			};
			name = Release;
		};
/* End XCBuildConfiguration section */

/* Begin XCConfigurationList section */
		484D75951ECCFFE300EB1243 /* Build configuration list for PBXProject "DoIt" */ = {
			isa = XCConfigurationList;
			buildConfigurations = (
				484D75AD1ECCFFE300EB1243 /* Debug */,
				484D75AE1ECCFFE300EB1243 /* Release */,
			);
			defaultConfigurationIsVisible = 0;
			defaultConfigurationName = Release;
		};
		484D75AF1ECCFFE300EB1243 /* Build configuration list for PBXNativeTarget "DoIt" */ = {
			isa = XCConfigurationList;
			buildConfigurations = (
				484D75B01ECCFFE300EB1243 /* Debug */,
				484D75B11ECCFFE300EB1243 /* Release */,
			);
			defaultConfigurationIsVisible = 0;
		};
/* End XCConfigurationList section */

/* Begin XCVersionGroup section */
		484D75A41ECCFFE300EB1243 /* DoIt.xcdatamodeld */ = {
			isa = XCVersionGroup;
			children = (
				484D75A51ECCFFE300EB1243 /* DoIt.xcdatamodel */,
			);
			currentVersion = 484D75A51ECCFFE300EB1243 /* DoIt.xcdatamodel */;
			path = DoIt.xcdatamodeld;
			sourceTree = "<group>";
			versionGroupType = wrapper.xcdatamodel;
		};
/* End XCVersionGroup section */
	};
	rootObject = 484D75921ECCFFE300EB1243 /* Project object */;
}
